{
  "version": 4,
  "terraform_version": "1.13.3",
  "serial": 11,
  "lineage": "090a01a4-20ca-d5a6-5494-b3bd79b47845",
  "outputs": {
    "web_ip": {
      "value": "192.168.56.20",
      "type": "string"
    }
  },
  "resources": [
    {
      "mode": "managed",
      "type": "local_file",
      "name": "ansible_inventory",
      "provider": "provider[\"registry.terraform.io/hashicorp/local\"]",
      "instances": [
        {
          "schema_version": 0,
          "attributes": {
            "content": "[web]\r\n192.168.56.20 ansible_user=vagrant ansible_private_key_file=/home/vagrant/ssh_keys/id_rsa\r\n",
            "content_base64": null,
            "content_base64sha256": "jXwbOu2V9yFyk8pHZeMlWqEy4E1Xa9aTv6q++owdtE8=",
            "content_base64sha512": "zZPyKX6RbchTS8MFNCLtc90yBU+pH4eksdvGVHJOc3z7Aw9F0BtmJISv7p3CbZX4Cq1P5E+brX7vphTMUyk3cA==",
            "content_md5": "b23c7e8a3e33978b6246b1fba21ffc8a",
            "content_sha1": "7574570f4c355000b426f2ddc3b6fc629eabfbfd",
            "content_sha256": "8d7c1b3aed95f7217293ca4765e3255aa132e04d576bd693bfaabefa8c1db44f",
            "content_sha512": "cd93f2297e916dc8534bc3053422ed73dd32054fa91f87a4b1dbc654724e737cfb030f45d01b662484afee9dc26d95f80aad4fe44f9bad7eefa614cc53293770",
            "directory_permission": "0777",
            "file_permission": "0777",
            "filename": "./../ansible/hosts.ini",
            "id": "7574570f4c355000b426f2ddc3b6fc629eabfbfd",
            "sensitive_content": null,
            "source": null
          },
          "sensitive_attributes": [
            [
              {
                "type": "get_attr",
                "value": "sensitive_content"
              }
            ]
          ],
          "identity_schema_version": 0
        }
      ]
    },
    {
      "mode": "managed",
      "type": "null_resource",
      "name": "test_ssh",
      "provider": "provider[\"registry.terraform.io/hashicorp/null\"]",
      "instances": [
        {
          "schema_version": 0,
          "attributes": {
            "id": "4914960310485896653",
            "triggers": null
          },
          "sensitive_attributes": [],
          "identity_schema_version": 0,
          "dependencies": [
            "local_file.ansible_inventory"
          ]
        }
      ]
    }
  ],
  "check_results": null
}
